
Microsoft Visual Studio Solution File, Format Version 12.00
# Visual Studio Version 16
VisualStudioVersion = 16.0.31410.357
MinimumVisualStudioVersion = 10.0.40219.1
Project("{9A19103F-16F7-4668-BE54-9A1E7A4F7556}") = "001-开始", "001-开始\001-开始.csproj", "{EF8625F3-4308-4D3B-98E4-A4312C73096F}"
EndProject
Project("{9A19103F-16F7-4668-BE54-9A1E7A4F7556}") = "002-练习", "002-练习\002-练习.csproj", "{933B1EB9-0356-40A2-9788-381D5886D771}"
EndProject
Project("{9A19103F-16F7-4668-BE54-9A1E7A4F7556}") = "003-变量", "003-变量\003-变量.csproj", "{7DC102D1-44DA-417B-952B-AE028E6FDDA1}"
EndProject
Project("{9A19103F-16F7-4668-BE54-9A1E7A4F7556}") = "004-字符类型", "004-字符类型\004-字符类型.csproj", "{09D0080D-6258-4E40-B574-79918740339A}"
EndProject
Project("{9A19103F-16F7-4668-BE54-9A1E7A4F7556}") = "005-练习题", "005-练习题\005-练习题.csproj", "{124ABBBA-D2E2-4E82-98F4-F6363338C762}"
EndProject
Project("{9A19103F-16F7-4668-BE54-9A1E7A4F7556}") = "006-变量研究", "006-变量研究\006-变量研究.csproj", "{C9648B9E-62C2-43EE-B548-05B0A94B513C}"
EndProject
Project("{9A19103F-16F7-4668-BE54-9A1E7A4F7556}") = "007-数学运算符", "007-数学运算符\007-数学运算符.csproj", "{CC2BE974-C686-4F2F-BAEC-D149A3A7541C}"
EndProject
Project("{9A19103F-16F7-4668-BE54-9A1E7A4F7556}") = "008-自增自减运算符", "008-自增自减运算符\008-自增自减运算符.csproj", "{3FADC935-157D-4CFB-BBF7-48A83A9EF43A}"
EndProject
Project("{9A19103F-16F7-4668-BE54-9A1E7A4F7556}") = "009-关系运算符和布尔类型", "009-关系运算符和布尔类型\009-关系运算符和布尔类型.csproj", "{EE750874-39D4-4BE2-AB5B-BE3FA29B4C56}"
EndProject
Project("{9A19103F-16F7-4668-BE54-9A1E7A4F7556}") = "010-逻辑运算符", "010-逻辑运算符\010-逻辑运算符.csproj", "{C9DF19B0-3A7F-434F-8807-061D48C7712A}"
EndProject
Project("{9A19103F-16F7-4668-BE54-9A1E7A4F7556}") = "011-运算符的优先级", "011-运算符的优先级\011-运算符的优先级.csproj", "{3DF0B0B1-1651-4634-A085-AAF3670168EA}"
EndProject
Project("{9A19103F-16F7-4668-BE54-9A1E7A4F7556}") = "012-编程题", "012-编程题\012-编程题.csproj", "{D42E5A45-353B-48F5-88D4-BE551944F638}"
EndProject
Project("{9A19103F-16F7-4668-BE54-9A1E7A4F7556}") = "013-条件语句-if语句", "013-条件语句-if语句\013-条件语句-if语句.csproj", "{C31E8691-9620-4F14-B18F-C573891696A9}"
EndProject
Project("{9A19103F-16F7-4668-BE54-9A1E7A4F7556}") = "014-编程题", "014-编程题\014-编程题.csproj", "{9BEC9F79-F5F3-4E6E-A333-75C0D2CB28EA}"
EndProject
Project("{9A19103F-16F7-4668-BE54-9A1E7A4F7556}") = "015-排序-编程题", "015-排序-编程题\015-排序-编程题.csproj", "{863C64FA-8D70-4578-978F-29C3C8542C83}"
EndProject
Project("{9A19103F-16F7-4668-BE54-9A1E7A4F7556}") = "016-switch分支语句", "016-switch分支语句\016-switch分支语句.csproj", "{AF0044EC-F537-46A6-AA22-0A49700EA2BD}"
EndProject
Project("{9A19103F-16F7-4668-BE54-9A1E7A4F7556}") = "017-编程题", "017-编程题\017-编程题.csproj", "{7FB32031-39F3-4009-8225-AC76938F9DCD}"
EndProject
Project("{9A19103F-16F7-4668-BE54-9A1E7A4F7556}") = "018-循环语句-while循环", "018-循环语句-while循环\018-循环语句-while循环.csproj", "{177C3497-4B7E-4BE4-97ED-51C0E2BA70D7}"
EndProject
Project("{9A19103F-16F7-4668-BE54-9A1E7A4F7556}") = "019-while循环-编程题", "019-while循环-编程题\019-while循环-编程题.csproj", "{B74D83C3-D80A-472E-ABC3-94DD59CD4E42}"
EndProject
Project("{9A19103F-16F7-4668-BE54-9A1E7A4F7556}") = "020-for循环", "020-for循环\020-for循环.csproj", "{67D6659B-136A-4FAD-BE34-B4F3F200708E}"
EndProject
Project("{9A19103F-16F7-4668-BE54-9A1E7A4F7556}") = "021-do-while循环", "021-do-while循环\021-do-while循环.csproj", "{3436131B-FCCC-4706-A4A8-06D97EE14106}"
EndProject
Project("{9A19103F-16F7-4668-BE54-9A1E7A4F7556}") = "021-变量的作用域", "021-变量的作用域\021-变量的作用域.csproj", "{B1EBF27B-6E25-4BD5-96C1-4A6BA1175BA5}"
EndProject
Project("{9A19103F-16F7-4668-BE54-9A1E7A4F7556}") = "022-编程题", "022-编程题\022-编程题.csproj", "{1AE6A7DD-9B7F-4EEA-8E98-74A199D3F332}"
EndProject
Project("{9A19103F-16F7-4668-BE54-9A1E7A4F7556}") = "023-编程题", "023-编程题\023-编程题.csproj", "{9410502D-E6D3-4BD7-95BD-03650A27AE39}"
EndProject
Project("{9A19103F-16F7-4668-BE54-9A1E7A4F7556}") = "024-字符读取和编程题", "024-字符读取和编程题\024-字符读取和编程题.csproj", "{446FD9F2-2413-47E6-9D5C-73C8D0FF1C65}"
EndProject
Project("{9A19103F-16F7-4668-BE54-9A1E7A4F7556}") = "025-循环中的continue", "025-循环中的continue\025-循环中的continue.csproj", "{DB84E7A1-F6D9-4711-9FA4-D4B1E6F686E5}"
EndProject
Project("{9A19103F-16F7-4668-BE54-9A1E7A4F7556}") = "026-循环嵌套", "026-循环嵌套\026-循环嵌套.csproj", "{EA4771D3-8EE6-4DA1-AC87-948DBAC77AAC}"
EndProject
Project("{9A19103F-16F7-4668-BE54-9A1E7A4F7556}") = "027-猜数字", "027-猜数字\027-猜数字.csproj", "{F21ADD8C-F5B0-4625-9FFE-B6760FE3F065}"
EndProject
Project("{9A19103F-16F7-4668-BE54-9A1E7A4F7556}") = "028-全部数据类型", "028-全部数据类型\028-全部数据类型.csproj", "{89DF35D0-C540-481C-BB89-99A5651FDDA5}"
EndProject
Project("{9A19103F-16F7-4668-BE54-9A1E7A4F7556}") = "029-数组", "029-数组\029-数组.csproj", "{0BFF4A42-EC90-4194-A080-092B516A7633}"
EndProject
Project("{9A19103F-16F7-4668-BE54-9A1E7A4F7556}") = "030-字符串", "030-字符串\030-字符串.csproj", "{F2CE63E7-FCCC-4793-BA04-921DF2CE15E5}"
EndProject
Project("{9A19103F-16F7-4668-BE54-9A1E7A4F7556}") = "031-编程题", "031-编程题\031-编程题.csproj", "{E778C056-DC95-4462-8805-05A854312CC6}"
EndProject
Project("{9A19103F-16F7-4668-BE54-9A1E7A4F7556}") = "032-编程题", "032-编程题\032-编程题.csproj", "{1A92A5C8-27AE-4520-B69F-7FCAF6826A71}"
EndProject
Project("{9A19103F-16F7-4668-BE54-9A1E7A4F7556}") = "033-编程题-排序", "033-编程题-排序\033-编程题-排序.csproj", "{A34861FD-4FB0-4D44-B5C4-AFA0A490F063}"
EndProject
Project("{9A19103F-16F7-4668-BE54-9A1E7A4F7556}") = "034-编程题", "034-编程题\034-编程题.csproj", "{C94342DF-4AD1-4EDA-9B29-5BD7D39674AA}"
EndProject
Project("{9A19103F-16F7-4668-BE54-9A1E7A4F7556}") = "035-模拟法-张三的零花钱", "035-模拟法-张三的零花钱\035-模拟法-张三的零花钱.csproj", "{FC5D794F-F51A-4950-971B-7F1F427BC63B}"
EndProject
Project("{9A19103F-16F7-4668-BE54-9A1E7A4F7556}") = "036-函数", "036-函数\036-函数.csproj", "{3431A354-C66C-4558-894D-B152318D8F80}"
EndProject
Project("{9A19103F-16F7-4668-BE54-9A1E7A4F7556}") = "037-真素数", "037-真素数\037-真素数.csproj", "{AF629EB6-2C1E-4EA0-93ED-581AF0B800F1}"
EndProject
Project("{9A19103F-16F7-4668-BE54-9A1E7A4F7556}") = "038-参数数组", "038-参数数组\038-参数数组.csproj", "{067BDF63-BC2D-45BA-99BD-7AFF6DC7B188}"
EndProject
Project("{9A19103F-16F7-4668-BE54-9A1E7A4F7556}") = "039-编程题", "039-编程题\039-编程题.csproj", "{3005B072-8AA1-469E-9CA4-4AB73F4E4A34}"
EndProject
Project("{9A19103F-16F7-4668-BE54-9A1E7A4F7556}") = "040-方法的重载", "040-方法的重载\040-方法的重载.csproj", "{F5D64D8C-AA1B-4A3C-BFFE-AE558C3FA27C}"
EndProject
Project("{9A19103F-16F7-4668-BE54-9A1E7A4F7556}") = "041-方法的递归调用", "041-方法的递归调用\041-方法的递归调用.csproj", "{D197470E-8D5B-454D-900A-37DCDC914BEA}"
EndProject
Project("{9A19103F-16F7-4668-BE54-9A1E7A4F7556}") = "042-方法的递归调用-练习", "042-方法的递归调用-练习\042-方法的递归调用-练习.csproj", "{EBB06F63-88FC-4F0A-A7BE-6214E47AD0B0}"
EndProject
Project("{9A19103F-16F7-4668-BE54-9A1E7A4F7556}") = "043-方法的递归调用-练习", "043-方法的递归调用-练习\043-方法的递归调用-练习.csproj", "{1D566B58-9914-4559-8E34-3EBEBB1E70DE}"
EndProject
Project("{9A19103F-16F7-4668-BE54-9A1E7A4F7556}") = "044-常量", "044-常量\044-常量.csproj", "{76C705D3-8B57-4A10-A9F2-E288E5C260EA}"
EndProject
Project("{9A19103F-16F7-4668-BE54-9A1E7A4F7556}") = "045-枚举类型", "045-枚举类型\045-枚举类型.csproj", "{B0EFC3DC-75D7-46F2-84F8-AF97647F2489}"
EndProject
Project("{9A19103F-16F7-4668-BE54-9A1E7A4F7556}") = "046-结构体", "046-结构体\046-结构体.csproj", "{86E89595-6862-4896-B2EB-6E1727C4809D}"
EndProject
Project("{FAE04EC0-301F-11D3-BF4B-00C04F79EFBC}") = "047-结构体-Vector3", "047-结构体-Vector3\047-结构体-Vector3.csproj", "{60EF7097-437A-46AB-A0C6-21B3DC611F3E}"
EndProject
Project("{FAE04EC0-301F-11D3-BF4B-00C04F79EFBC}") = "048-委托", "048-委托\048-委托.csproj", "{BA5D9C56-12F7-464F-AAB8-410A5DB2BC65}"
EndProject
Project("{FAE04EC0-301F-11D3-BF4B-00C04F79EFBC}") = "049-委托-案例", "049-委托-案例\049-委托-案例.csproj", "{D791281A-EE88-41E2-835D-B29B33F73E98}"
EndProject
Global
	GlobalSection(SolutionConfigurationPlatforms) = preSolution
		Debug|Any CPU = Debug|Any CPU
		Release|Any CPU = Release|Any CPU
	EndGlobalSection
	GlobalSection(ProjectConfigurationPlatforms) = postSolution
		{EF8625F3-4308-4D3B-98E4-A4312C73096F}.Debug|Any CPU.ActiveCfg = Debug|Any CPU
		{EF8625F3-4308-4D3B-98E4-A4312C73096F}.Debug|Any CPU.Build.0 = Debug|Any CPU
		{EF8625F3-4308-4D3B-98E4-A4312C73096F}.Release|Any CPU.ActiveCfg = Release|Any CPU
		{EF8625F3-4308-4D3B-98E4-A4312C73096F}.Release|Any CPU.Build.0 = Release|Any CPU
		{933B1EB9-0356-40A2-9788-381D5886D771}.Debug|Any CPU.ActiveCfg = Debug|Any CPU
		{933B1EB9-0356-40A2-9788-381D5886D771}.Debug|Any CPU.Build.0 = Debug|Any CPU
		{933B1EB9-0356-40A2-9788-381D5886D771}.Release|Any CPU.ActiveCfg = Release|Any CPU
		{933B1EB9-0356-40A2-9788-381D5886D771}.Release|Any CPU.Build.0 = Release|Any CPU
		{7DC102D1-44DA-417B-952B-AE028E6FDDA1}.Debug|Any CPU.ActiveCfg = Debug|Any CPU
		{7DC102D1-44DA-417B-952B-AE028E6FDDA1}.Debug|Any CPU.Build.0 = Debug|Any CPU
		{7DC102D1-44DA-417B-952B-AE028E6FDDA1}.Release|Any CPU.ActiveCfg = Release|Any CPU
		{7DC102D1-44DA-417B-952B-AE028E6FDDA1}.Release|Any CPU.Build.0 = Release|Any CPU
		{09D0080D-6258-4E40-B574-79918740339A}.Debug|Any CPU.ActiveCfg = Debug|Any CPU
		{09D0080D-6258-4E40-B574-79918740339A}.Debug|Any CPU.Build.0 = Debug|Any CPU
		{09D0080D-6258-4E40-B574-79918740339A}.Release|Any CPU.ActiveCfg = Release|Any CPU
		{09D0080D-6258-4E40-B574-79918740339A}.Release|Any CPU.Build.0 = Release|Any CPU
		{124ABBBA-D2E2-4E82-98F4-F6363338C762}.Debug|Any CPU.ActiveCfg = Debug|Any CPU
		{124ABBBA-D2E2-4E82-98F4-F6363338C762}.Debug|Any CPU.Build.0 = Debug|Any CPU
		{124ABBBA-D2E2-4E82-98F4-F6363338C762}.Release|Any CPU.ActiveCfg = Release|Any CPU
		{124ABBBA-D2E2-4E82-98F4-F6363338C762}.Release|Any CPU.Build.0 = Release|Any CPU
		{C9648B9E-62C2-43EE-B548-05B0A94B513C}.Debug|Any CPU.ActiveCfg = Debug|Any CPU
		{C9648B9E-62C2-43EE-B548-05B0A94B513C}.Debug|Any CPU.Build.0 = Debug|Any CPU
		{C9648B9E-62C2-43EE-B548-05B0A94B513C}.Release|Any CPU.ActiveCfg = Release|Any CPU
		{C9648B9E-62C2-43EE-B548-05B0A94B513C}.Release|Any CPU.Build.0 = Release|Any CPU
		{CC2BE974-C686-4F2F-BAEC-D149A3A7541C}.Debug|Any CPU.ActiveCfg = Debug|Any CPU
		{CC2BE974-C686-4F2F-BAEC-D149A3A7541C}.Debug|Any CPU.Build.0 = Debug|Any CPU
		{CC2BE974-C686-4F2F-BAEC-D149A3A7541C}.Release|Any CPU.ActiveCfg = Release|Any CPU
		{CC2BE974-C686-4F2F-BAEC-D149A3A7541C}.Release|Any CPU.Build.0 = Release|Any CPU
		{3FADC935-157D-4CFB-BBF7-48A83A9EF43A}.Debug|Any CPU.ActiveCfg = Debug|Any CPU
		{3FADC935-157D-4CFB-BBF7-48A83A9EF43A}.Debug|Any CPU.Build.0 = Debug|Any CPU
		{3FADC935-157D-4CFB-BBF7-48A83A9EF43A}.Release|Any CPU.ActiveCfg = Release|Any CPU
		{3FADC935-157D-4CFB-BBF7-48A83A9EF43A}.Release|Any CPU.Build.0 = Release|Any CPU
		{EE750874-39D4-4BE2-AB5B-BE3FA29B4C56}.Debug|Any CPU.ActiveCfg = Debug|Any CPU
		{EE750874-39D4-4BE2-AB5B-BE3FA29B4C56}.Debug|Any CPU.Build.0 = Debug|Any CPU
		{EE750874-39D4-4BE2-AB5B-BE3FA29B4C56}.Release|Any CPU.ActiveCfg = Release|Any CPU
		{EE750874-39D4-4BE2-AB5B-BE3FA29B4C56}.Release|Any CPU.Build.0 = Release|Any CPU
		{C9DF19B0-3A7F-434F-8807-061D48C7712A}.Debug|Any CPU.ActiveCfg = Debug|Any CPU
		{C9DF19B0-3A7F-434F-8807-061D48C7712A}.Debug|Any CPU.Build.0 = Debug|Any CPU
		{C9DF19B0-3A7F-434F-8807-061D48C7712A}.Release|Any CPU.ActiveCfg = Release|Any CPU
		{C9DF19B0-3A7F-434F-8807-061D48C7712A}.Release|Any CPU.Build.0 = Release|Any CPU
		{3DF0B0B1-1651-4634-A085-AAF3670168EA}.Debug|Any CPU.ActiveCfg = Debug|Any CPU
		{3DF0B0B1-1651-4634-A085-AAF3670168EA}.Debug|Any CPU.Build.0 = Debug|Any CPU
		{3DF0B0B1-1651-4634-A085-AAF3670168EA}.Release|Any CPU.ActiveCfg = Release|Any CPU
		{3DF0B0B1-1651-4634-A085-AAF3670168EA}.Release|Any CPU.Build.0 = Release|Any CPU
		{D42E5A45-353B-48F5-88D4-BE551944F638}.Debug|Any CPU.ActiveCfg = Debug|Any CPU
		{D42E5A45-353B-48F5-88D4-BE551944F638}.Debug|Any CPU.Build.0 = Debug|Any CPU
		{D42E5A45-353B-48F5-88D4-BE551944F638}.Release|Any CPU.ActiveCfg = Release|Any CPU
		{D42E5A45-353B-48F5-88D4-BE551944F638}.Release|Any CPU.Build.0 = Release|Any CPU
		{C31E8691-9620-4F14-B18F-C573891696A9}.Debug|Any CPU.ActiveCfg = Debug|Any CPU
		{C31E8691-9620-4F14-B18F-C573891696A9}.Debug|Any CPU.Build.0 = Debug|Any CPU
		{C31E8691-9620-4F14-B18F-C573891696A9}.Release|Any CPU.ActiveCfg = Release|Any CPU
		{C31E8691-9620-4F14-B18F-C573891696A9}.Release|Any CPU.Build.0 = Release|Any CPU
		{9BEC9F79-F5F3-4E6E-A333-75C0D2CB28EA}.Debug|Any CPU.ActiveCfg = Debug|Any CPU
		{9BEC9F79-F5F3-4E6E-A333-75C0D2CB28EA}.Debug|Any CPU.Build.0 = Debug|Any CPU
		{9BEC9F79-F5F3-4E6E-A333-75C0D2CB28EA}.Release|Any CPU.ActiveCfg = Release|Any CPU
		{9BEC9F79-F5F3-4E6E-A333-75C0D2CB28EA}.Release|Any CPU.Build.0 = Release|Any CPU
		{863C64FA-8D70-4578-978F-29C3C8542C83}.Debug|Any CPU.ActiveCfg = Debug|Any CPU
		{863C64FA-8D70-4578-978F-29C3C8542C83}.Debug|Any CPU.Build.0 = Debug|Any CPU
		{863C64FA-8D70-4578-978F-29C3C8542C83}.Release|Any CPU.ActiveCfg = Release|Any CPU
		{863C64FA-8D70-4578-978F-29C3C8542C83}.Release|Any CPU.Build.0 = Release|Any CPU
		{AF0044EC-F537-46A6-AA22-0A49700EA2BD}.Debug|Any CPU.ActiveCfg = Debug|Any CPU
		{AF0044EC-F537-46A6-AA22-0A49700EA2BD}.Debug|Any CPU.Build.0 = Debug|Any CPU
		{AF0044EC-F537-46A6-AA22-0A49700EA2BD}.Release|Any CPU.ActiveCfg = Release|Any CPU
		{AF0044EC-F537-46A6-AA22-0A49700EA2BD}.Release|Any CPU.Build.0 = Release|Any CPU
		{7FB32031-39F3-4009-8225-AC76938F9DCD}.Debug|Any CPU.ActiveCfg = Debug|Any CPU
		{7FB32031-39F3-4009-8225-AC76938F9DCD}.Debug|Any CPU.Build.0 = Debug|Any CPU
		{7FB32031-39F3-4009-8225-AC76938F9DCD}.Release|Any CPU.ActiveCfg = Release|Any CPU
		{7FB32031-39F3-4009-8225-AC76938F9DCD}.Release|Any CPU.Build.0 = Release|Any CPU
		{177C3497-4B7E-4BE4-97ED-51C0E2BA70D7}.Debug|Any CPU.ActiveCfg = Debug|Any CPU
		{177C3497-4B7E-4BE4-97ED-51C0E2BA70D7}.Debug|Any CPU.Build.0 = Debug|Any CPU
		{177C3497-4B7E-4BE4-97ED-51C0E2BA70D7}.Release|Any CPU.ActiveCfg = Release|Any CPU
		{177C3497-4B7E-4BE4-97ED-51C0E2BA70D7}.Release|Any CPU.Build.0 = Release|Any CPU
		{B74D83C3-D80A-472E-ABC3-94DD59CD4E42}.Debug|Any CPU.ActiveCfg = Debug|Any CPU
		{B74D83C3-D80A-472E-ABC3-94DD59CD4E42}.Debug|Any CPU.Build.0 = Debug|Any CPU
		{B74D83C3-D80A-472E-ABC3-94DD59CD4E42}.Release|Any CPU.ActiveCfg = Release|Any CPU
		{B74D83C3-D80A-472E-ABC3-94DD59CD4E42}.Release|Any CPU.Build.0 = Release|Any CPU
		{67D6659B-136A-4FAD-BE34-B4F3F200708E}.Debug|Any CPU.ActiveCfg = Debug|Any CPU
		{67D6659B-136A-4FAD-BE34-B4F3F200708E}.Debug|Any CPU.Build.0 = Debug|Any CPU
		{67D6659B-136A-4FAD-BE34-B4F3F200708E}.Release|Any CPU.ActiveCfg = Release|Any CPU
		{67D6659B-136A-4FAD-BE34-B4F3F200708E}.Release|Any CPU.Build.0 = Release|Any CPU
		{3436131B-FCCC-4706-A4A8-06D97EE14106}.Debug|Any CPU.ActiveCfg = Debug|Any CPU
		{3436131B-FCCC-4706-A4A8-06D97EE14106}.Debug|Any CPU.Build.0 = Debug|Any CPU
		{3436131B-FCCC-4706-A4A8-06D97EE14106}.Release|Any CPU.ActiveCfg = Release|Any CPU
		{3436131B-FCCC-4706-A4A8-06D97EE14106}.Release|Any CPU.Build.0 = Release|Any CPU
		{B1EBF27B-6E25-4BD5-96C1-4A6BA1175BA5}.Debug|Any CPU.ActiveCfg = Debug|Any CPU
		{B1EBF27B-6E25-4BD5-96C1-4A6BA1175BA5}.Debug|Any CPU.Build.0 = Debug|Any CPU
		{B1EBF27B-6E25-4BD5-96C1-4A6BA1175BA5}.Release|Any CPU.ActiveCfg = Release|Any CPU
		{B1EBF27B-6E25-4BD5-96C1-4A6BA1175BA5}.Release|Any CPU.Build.0 = Release|Any CPU
		{1AE6A7DD-9B7F-4EEA-8E98-74A199D3F332}.Debug|Any CPU.ActiveCfg = Debug|Any CPU
		{1AE6A7DD-9B7F-4EEA-8E98-74A199D3F332}.Debug|Any CPU.Build.0 = Debug|Any CPU
		{1AE6A7DD-9B7F-4EEA-8E98-74A199D3F332}.Release|Any CPU.ActiveCfg = Release|Any CPU
		{1AE6A7DD-9B7F-4EEA-8E98-74A199D3F332}.Release|Any CPU.Build.0 = Release|Any CPU
		{9410502D-E6D3-4BD7-95BD-03650A27AE39}.Debug|Any CPU.ActiveCfg = Debug|Any CPU
		{9410502D-E6D3-4BD7-95BD-03650A27AE39}.Debug|Any CPU.Build.0 = Debug|Any CPU
		{9410502D-E6D3-4BD7-95BD-03650A27AE39}.Release|Any CPU.ActiveCfg = Release|Any CPU
		{9410502D-E6D3-4BD7-95BD-03650A27AE39}.Release|Any CPU.Build.0 = Release|Any CPU
		{446FD9F2-2413-47E6-9D5C-73C8D0FF1C65}.Debug|Any CPU.ActiveCfg = Debug|Any CPU
		{446FD9F2-2413-47E6-9D5C-73C8D0FF1C65}.Debug|Any CPU.Build.0 = Debug|Any CPU
		{446FD9F2-2413-47E6-9D5C-73C8D0FF1C65}.Release|Any CPU.ActiveCfg = Release|Any CPU
		{446FD9F2-2413-47E6-9D5C-73C8D0FF1C65}.Release|Any CPU.Build.0 = Release|Any CPU
		{DB84E7A1-F6D9-4711-9FA4-D4B1E6F686E5}.Debug|Any CPU.ActiveCfg = Debug|Any CPU
		{DB84E7A1-F6D9-4711-9FA4-D4B1E6F686E5}.Debug|Any CPU.Build.0 = Debug|Any CPU
		{DB84E7A1-F6D9-4711-9FA4-D4B1E6F686E5}.Release|Any CPU.ActiveCfg = Release|Any CPU
		{DB84E7A1-F6D9-4711-9FA4-D4B1E6F686E5}.Release|Any CPU.Build.0 = Release|Any CPU
		{EA4771D3-8EE6-4DA1-AC87-948DBAC77AAC}.Debug|Any CPU.ActiveCfg = Debug|Any CPU
		{EA4771D3-8EE6-4DA1-AC87-948DBAC77AAC}.Debug|Any CPU.Build.0 = Debug|Any CPU
		{EA4771D3-8EE6-4DA1-AC87-948DBAC77AAC}.Release|Any CPU.ActiveCfg = Release|Any CPU
		{EA4771D3-8EE6-4DA1-AC87-948DBAC77AAC}.Release|Any CPU.Build.0 = Release|Any CPU
		{F21ADD8C-F5B0-4625-9FFE-B6760FE3F065}.Debug|Any CPU.ActiveCfg = Debug|Any CPU
		{F21ADD8C-F5B0-4625-9FFE-B6760FE3F065}.Debug|Any CPU.Build.0 = Debug|Any CPU
		{F21ADD8C-F5B0-4625-9FFE-B6760FE3F065}.Release|Any CPU.ActiveCfg = Release|Any CPU
		{F21ADD8C-F5B0-4625-9FFE-B6760FE3F065}.Release|Any CPU.Build.0 = Release|Any CPU
		{89DF35D0-C540-481C-BB89-99A5651FDDA5}.Debug|Any CPU.ActiveCfg = Debug|Any CPU
		{89DF35D0-C540-481C-BB89-99A5651FDDA5}.Debug|Any CPU.Build.0 = Debug|Any CPU
		{89DF35D0-C540-481C-BB89-99A5651FDDA5}.Release|Any CPU.ActiveCfg = Release|Any CPU
		{89DF35D0-C540-481C-BB89-99A5651FDDA5}.Release|Any CPU.Build.0 = Release|Any CPU
		{0BFF4A42-EC90-4194-A080-092B516A7633}.Debug|Any CPU.ActiveCfg = Debug|Any CPU
		{0BFF4A42-EC90-4194-A080-092B516A7633}.Debug|Any CPU.Build.0 = Debug|Any CPU
		{0BFF4A42-EC90-4194-A080-092B516A7633}.Release|Any CPU.ActiveCfg = Release|Any CPU
		{0BFF4A42-EC90-4194-A080-092B516A7633}.Release|Any CPU.Build.0 = Release|Any CPU
		{F2CE63E7-FCCC-4793-BA04-921DF2CE15E5}.Debug|Any CPU.ActiveCfg = Debug|Any CPU
		{F2CE63E7-FCCC-4793-BA04-921DF2CE15E5}.Debug|Any CPU.Build.0 = Debug|Any CPU
		{F2CE63E7-FCCC-4793-BA04-921DF2CE15E5}.Release|Any CPU.ActiveCfg = Release|Any CPU
		{F2CE63E7-FCCC-4793-BA04-921DF2CE15E5}.Release|Any CPU.Build.0 = Release|Any CPU
		{E778C056-DC95-4462-8805-05A854312CC6}.Debug|Any CPU.ActiveCfg = Debug|Any CPU
		{E778C056-DC95-4462-8805-05A854312CC6}.Debug|Any CPU.Build.0 = Debug|Any CPU
		{E778C056-DC95-4462-8805-05A854312CC6}.Release|Any CPU.ActiveCfg = Release|Any CPU
		{E778C056-DC95-4462-8805-05A854312CC6}.Release|Any CPU.Build.0 = Release|Any CPU
		{1A92A5C8-27AE-4520-B69F-7FCAF6826A71}.Debug|Any CPU.ActiveCfg = Debug|Any CPU
		{1A92A5C8-27AE-4520-B69F-7FCAF6826A71}.Debug|Any CPU.Build.0 = Debug|Any CPU
		{1A92A5C8-27AE-4520-B69F-7FCAF6826A71}.Release|Any CPU.ActiveCfg = Release|Any CPU
		{1A92A5C8-27AE-4520-B69F-7FCAF6826A71}.Release|Any CPU.Build.0 = Release|Any CPU
		{A34861FD-4FB0-4D44-B5C4-AFA0A490F063}.Debug|Any CPU.ActiveCfg = Debug|Any CPU
		{A34861FD-4FB0-4D44-B5C4-AFA0A490F063}.Debug|Any CPU.Build.0 = Debug|Any CPU
		{A34861FD-4FB0-4D44-B5C4-AFA0A490F063}.Release|Any CPU.ActiveCfg = Release|Any CPU
		{A34861FD-4FB0-4D44-B5C4-AFA0A490F063}.Release|Any CPU.Build.0 = Release|Any CPU
		{C94342DF-4AD1-4EDA-9B29-5BD7D39674AA}.Debug|Any CPU.ActiveCfg = Debug|Any CPU
		{C94342DF-4AD1-4EDA-9B29-5BD7D39674AA}.Debug|Any CPU.Build.0 = Debug|Any CPU
		{C94342DF-4AD1-4EDA-9B29-5BD7D39674AA}.Release|Any CPU.ActiveCfg = Release|Any CPU
		{C94342DF-4AD1-4EDA-9B29-5BD7D39674AA}.Release|Any CPU.Build.0 = Release|Any CPU
		{FC5D794F-F51A-4950-971B-7F1F427BC63B}.Debug|Any CPU.ActiveCfg = Debug|Any CPU
		{FC5D794F-F51A-4950-971B-7F1F427BC63B}.Debug|Any CPU.Build.0 = Debug|Any CPU
		{FC5D794F-F51A-4950-971B-7F1F427BC63B}.Release|Any CPU.ActiveCfg = Release|Any CPU
		{FC5D794F-F51A-4950-971B-7F1F427BC63B}.Release|Any CPU.Build.0 = Release|Any CPU
		{3431A354-C66C-4558-894D-B152318D8F80}.Debug|Any CPU.ActiveCfg = Debug|Any CPU
		{3431A354-C66C-4558-894D-B152318D8F80}.Debug|Any CPU.Build.0 = Debug|Any CPU
		{3431A354-C66C-4558-894D-B152318D8F80}.Release|Any CPU.ActiveCfg = Release|Any CPU
		{3431A354-C66C-4558-894D-B152318D8F80}.Release|Any CPU.Build.0 = Release|Any CPU
		{AF629EB6-2C1E-4EA0-93ED-581AF0B800F1}.Debug|Any CPU.ActiveCfg = Debug|Any CPU
		{AF629EB6-2C1E-4EA0-93ED-581AF0B800F1}.Debug|Any CPU.Build.0 = Debug|Any CPU
		{AF629EB6-2C1E-4EA0-93ED-581AF0B800F1}.Release|Any CPU.ActiveCfg = Release|Any CPU
		{AF629EB6-2C1E-4EA0-93ED-581AF0B800F1}.Release|Any CPU.Build.0 = Release|Any CPU
		{067BDF63-BC2D-45BA-99BD-7AFF6DC7B188}.Debug|Any CPU.ActiveCfg = Debug|Any CPU
		{067BDF63-BC2D-45BA-99BD-7AFF6DC7B188}.Debug|Any CPU.Build.0 = Debug|Any CPU
		{067BDF63-BC2D-45BA-99BD-7AFF6DC7B188}.Release|Any CPU.ActiveCfg = Release|Any CPU
		{067BDF63-BC2D-45BA-99BD-7AFF6DC7B188}.Release|Any CPU.Build.0 = Release|Any CPU
		{3005B072-8AA1-469E-9CA4-4AB73F4E4A34}.Debug|Any CPU.ActiveCfg = Debug|Any CPU
		{3005B072-8AA1-469E-9CA4-4AB73F4E4A34}.Debug|Any CPU.Build.0 = Debug|Any CPU
		{3005B072-8AA1-469E-9CA4-4AB73F4E4A34}.Release|Any CPU.ActiveCfg = Release|Any CPU
		{3005B072-8AA1-469E-9CA4-4AB73F4E4A34}.Release|Any CPU.Build.0 = Release|Any CPU
		{F5D64D8C-AA1B-4A3C-BFFE-AE558C3FA27C}.Debug|Any CPU.ActiveCfg = Debug|Any CPU
		{F5D64D8C-AA1B-4A3C-BFFE-AE558C3FA27C}.Debug|Any CPU.Build.0 = Debug|Any CPU
		{F5D64D8C-AA1B-4A3C-BFFE-AE558C3FA27C}.Release|Any CPU.ActiveCfg = Release|Any CPU
		{F5D64D8C-AA1B-4A3C-BFFE-AE558C3FA27C}.Release|Any CPU.Build.0 = Release|Any CPU
		{D197470E-8D5B-454D-900A-37DCDC914BEA}.Debug|Any CPU.ActiveCfg = Debug|Any CPU
		{D197470E-8D5B-454D-900A-37DCDC914BEA}.Debug|Any CPU.Build.0 = Debug|Any CPU
		{D197470E-8D5B-454D-900A-37DCDC914BEA}.Release|Any CPU.ActiveCfg = Release|Any CPU
		{D197470E-8D5B-454D-900A-37DCDC914BEA}.Release|Any CPU.Build.0 = Release|Any CPU
		{EBB06F63-88FC-4F0A-A7BE-6214E47AD0B0}.Debug|Any CPU.ActiveCfg = Debug|Any CPU
		{EBB06F63-88FC-4F0A-A7BE-6214E47AD0B0}.Debug|Any CPU.Build.0 = Debug|Any CPU
		{EBB06F63-88FC-4F0A-A7BE-6214E47AD0B0}.Release|Any CPU.ActiveCfg = Release|Any CPU
		{EBB06F63-88FC-4F0A-A7BE-6214E47AD0B0}.Release|Any CPU.Build.0 = Release|Any CPU
		{1D566B58-9914-4559-8E34-3EBEBB1E70DE}.Debug|Any CPU.ActiveCfg = Debug|Any CPU
		{1D566B58-9914-4559-8E34-3EBEBB1E70DE}.Debug|Any CPU.Build.0 = Debug|Any CPU
		{1D566B58-9914-4559-8E34-3EBEBB1E70DE}.Release|Any CPU.ActiveCfg = Release|Any CPU
		{1D566B58-9914-4559-8E34-3EBEBB1E70DE}.Release|Any CPU.Build.0 = Release|Any CPU
		{76C705D3-8B57-4A10-A9F2-E288E5C260EA}.Debug|Any CPU.ActiveCfg = Debug|Any CPU
		{76C705D3-8B57-4A10-A9F2-E288E5C260EA}.Debug|Any CPU.Build.0 = Debug|Any CPU
		{76C705D3-8B57-4A10-A9F2-E288E5C260EA}.Release|Any CPU.ActiveCfg = Release|Any CPU
		{76C705D3-8B57-4A10-A9F2-E288E5C260EA}.Release|Any CPU.Build.0 = Release|Any CPU
		{B0EFC3DC-75D7-46F2-84F8-AF97647F2489}.Debug|Any CPU.ActiveCfg = Debug|Any CPU
		{B0EFC3DC-75D7-46F2-84F8-AF97647F2489}.Debug|Any CPU.Build.0 = Debug|Any CPU
		{B0EFC3DC-75D7-46F2-84F8-AF97647F2489}.Release|Any CPU.ActiveCfg = Release|Any CPU
		{B0EFC3DC-75D7-46F2-84F8-AF97647F2489}.Release|Any CPU.Build.0 = Release|Any CPU
		{86E89595-6862-4896-B2EB-6E1727C4809D}.Debug|Any CPU.ActiveCfg = Debug|Any CPU
		{86E89595-6862-4896-B2EB-6E1727C4809D}.Debug|Any CPU.Build.0 = Debug|Any CPU
		{86E89595-6862-4896-B2EB-6E1727C4809D}.Release|Any CPU.ActiveCfg = Release|Any CPU
		{86E89595-6862-4896-B2EB-6E1727C4809D}.Release|Any CPU.Build.0 = Release|Any CPU
		{60EF7097-437A-46AB-A0C6-21B3DC611F3E}.Debug|Any CPU.ActiveCfg = Debug|Any CPU
		{60EF7097-437A-46AB-A0C6-21B3DC611F3E}.Debug|Any CPU.Build.0 = Debug|Any CPU
		{60EF7097-437A-46AB-A0C6-21B3DC611F3E}.Release|Any CPU.ActiveCfg = Release|Any CPU
		{60EF7097-437A-46AB-A0C6-21B3DC611F3E}.Release|Any CPU.Build.0 = Release|Any CPU
		{BA5D9C56-12F7-464F-AAB8-410A5DB2BC65}.Debug|Any CPU.ActiveCfg = Debug|Any CPU
		{BA5D9C56-12F7-464F-AAB8-410A5DB2BC65}.Debug|Any CPU.Build.0 = Debug|Any CPU
		{BA5D9C56-12F7-464F-AAB8-410A5DB2BC65}.Release|Any CPU.ActiveCfg = Release|Any CPU
		{BA5D9C56-12F7-464F-AAB8-410A5DB2BC65}.Release|Any CPU.Build.0 = Release|Any CPU
		{D791281A-EE88-41E2-835D-B29B33F73E98}.Debug|Any CPU.ActiveCfg = Debug|Any CPU
		{D791281A-EE88-41E2-835D-B29B33F73E98}.Debug|Any CPU.Build.0 = Debug|Any CPU
		{D791281A-EE88-41E2-835D-B29B33F73E98}.Release|Any CPU.ActiveCfg = Release|Any CPU
		{D791281A-EE88-41E2-835D-B29B33F73E98}.Release|Any CPU.Build.0 = Release|Any CPU
	EndGlobalSection
	GlobalSection(SolutionProperties) = preSolution
		HideSolutionNode = FALSE
	EndGlobalSection
	GlobalSection(ExtensibilityGlobals) = postSolution
		SolutionGuid = {FA0405B6-7A9A-47C1-BE94-CED5565960B0}
	EndGlobalSection
EndGlobal
